
Microsoft Visual Studio Solution File, Format Version 12.00
# Visual Studio Version 17
VisualStudioVersion = 17.4.33110.190
MinimumVisualStudioVersion = 10.0.40219.1
Project("{9A19103F-16F7-4668-BE54-9A1E7A4F7556}") = "InventoryWebAPI", "InventoryWebAPI\InventoryWebAPI.csproj", "{D69449EF-C412-4C3E-8361-94E22A2DD2B5}"
EndProject
Project("{FAE04EC0-301F-11D3-BF4B-00C04F79EFBC}") = "LoginDemo", "LoginDemo\LoginDemo.csproj", "{F9DCDFA5-1C44-40A0-B4FB-D25D074E428A}"
EndProject
Project("{FAE04EC0-301F-11D3-BF4B-00C04F79EFBC}") = "InventoryClientApp", "InventoryClientApp\InventoryClientApp.csproj", "{0E0130AE-EF94-40E1-B675-A06F3506F296}"
EndProject
Global
	GlobalSection(SolutionConfigurationPlatforms) = preSolution
		Debug|Any CPU = Debug|Any CPU
		Release|Any CPU = Release|Any CPU
	EndGlobalSection
	GlobalSection(ProjectConfigurationPlatforms) = postSolution
		{D69449EF-C412-4C3E-8361-94E22A2DD2B5}.Debug|Any CPU.ActiveCfg = Debug|Any CPU
		{D69449EF-C412-4C3E-8361-94E22A2DD2B5}.Debug|Any CPU.Build.0 = Debug|Any CPU
		{D69449EF-C412-4C3E-8361-94E22A2DD2B5}.Release|Any CPU.ActiveCfg = Release|Any CPU
		{D69449EF-C412-4C3E-8361-94E22A2DD2B5}.Release|Any CPU.Build.0 = Release|Any CPU
		{F9DCDFA5-1C44-40A0-B4FB-D25D074E428A}.Debug|Any CPU.ActiveCfg = Debug|Any CPU
		{F9DCDFA5-1C44-40A0-B4FB-D25D074E428A}.Debug|Any CPU.Build.0 = Debug|Any CPU
		{F9DCDFA5-1C44-40A0-B4FB-D25D074E428A}.Release|Any CPU.ActiveCfg = Release|Any CPU
		{F9DCDFA5-1C44-40A0-B4FB-D25D074E428A}.Release|Any CPU.Build.0 = Release|Any CPU
		{0E0130AE-EF94-40E1-B675-A06F3506F296}.Debug|Any CPU.ActiveCfg = Debug|Any CPU
		{0E0130AE-EF94-40E1-B675-A06F3506F296}.Debug|Any CPU.Build.0 = Debug|Any CPU
		{0E0130AE-EF94-40E1-B675-A06F3506F296}.Release|Any CPU.ActiveCfg = Release|Any CPU
		{0E0130AE-EF94-40E1-B675-A06F3506F296}.Release|Any CPU.Build.0 = Release|Any CPU
	EndGlobalSection
	GlobalSection(SolutionProperties) = preSolution
		HideSolutionNode = FALSE
	EndGlobalSection
	GlobalSection(ExtensibilityGlobals) = postSolution
		SolutionGuid = {C2DE707D-8E04-4489-B05E-D00E668729D6}
	EndGlobalSection
EndGlobal
